{
    "_readme": [
        "This file locks the dependencies of your project to a known state",
        "Read more about it at https://getcomposer.org/doc/01-basic-usage.md#composer-lock-the-lock-file",
        "This file is @generated automatically"
    ],
    "hash": "7cc7a579e78b69217979f0f57e8a7475",
    "content-hash": "4f22b73b27c845de7d0bedc5d87b44f2",
    "packages": [
        {
            "name": "izaika/framework",
            "version": "dev-dev",
            "dist": {
                "type": "path",
                "url": "/Users/izaika/workspace/framework",
                "reference": "909d4376a26dadd3f845c9437661ace40167320c",
                "shasum": null
            },
            "type": "library",
            "autoload": {
                "psr-4": {
                    "Izaika\\Framework\\": "src/"
                }
            },
            "license": [
                "MIT"
            ],
            "authors": [
                {
                    "name": "Igor Zaika",
                    "email": "izaika89@gmail.com"
                }
            ],
            "description": "My own framework"
        }
    ],
    "packages-dev": [],
    "aliases": [],
    "minimum-stability": "dev",
    "stability-flags": {
        "izaika/framework": 20
    },
    "prefer-stable": false,
    "prefer-lowest": false,
    "platform": [],
    "platform-dev": []
}
